
Microsoft Visual Studio Solution File, Format Version 12.00
# Visual Studio 15
VisualStudioVersion = 15.0.28307.421
MinimumVisualStudioVersion = 10.0.40219.1
Project("{2150E333-8FDC-42A3-9474-1A3956D46DE8}") = "Solution items", "Solution items", "{E968CCCB-A244-470C-9C8A-5D8502430BB3}"
	ProjectSection(SolutionItems) = preProject
		.gitignore = .gitignore
		LICENSE = LICENSE
		README.md = README.md
	EndProjectSection
EndProject
Project("{FAE04EC0-301F-11D3-BF4B-00C04F79EFBC}") = "AzureFunctions.EventGrid", "AzureFunctions.EventGrid\AzureFunctions.EventGrid.csproj", "{D63D5B85-C0B9-4179-BA09-0FA86E6888B2}"
EndProject
Project("{FAE04EC0-301F-11D3-BF4B-00C04F79EFBC}") = "FunctionApp", "FunctionApp\FunctionApp.csproj", "{262E6904-C46D-48F4-BE39-7E5AB5052814}"
EndProject
Global
	GlobalSection(SolutionConfigurationPlatforms) = preSolution
		Debug|Any CPU = Debug|Any CPU
		Release|Any CPU = Release|Any CPU
	EndGlobalSection
	GlobalSection(ProjectConfigurationPlatforms) = postSolution
		{D63D5B85-C0B9-4179-BA09-0FA86E6888B2}.Debug|Any CPU.ActiveCfg = Debug|Any CPU
		{D63D5B85-C0B9-4179-BA09-0FA86E6888B2}.Debug|Any CPU.Build.0 = Debug|Any CPU
		{D63D5B85-C0B9-4179-BA09-0FA86E6888B2}.Release|Any CPU.ActiveCfg = Release|Any CPU
		{D63D5B85-C0B9-4179-BA09-0FA86E6888B2}.Release|Any CPU.Build.0 = Release|Any CPU
		{262E6904-C46D-48F4-BE39-7E5AB5052814}.Debug|Any CPU.ActiveCfg = Debug|Any CPU
		{262E6904-C46D-48F4-BE39-7E5AB5052814}.Debug|Any CPU.Build.0 = Debug|Any CPU
		{262E6904-C46D-48F4-BE39-7E5AB5052814}.Release|Any CPU.ActiveCfg = Release|Any CPU
		{262E6904-C46D-48F4-BE39-7E5AB5052814}.Release|Any CPU.Build.0 = Release|Any CPU
	EndGlobalSection
	GlobalSection(SolutionProperties) = preSolution
		HideSolutionNode = FALSE
	EndGlobalSection
	GlobalSection(ExtensibilityGlobals) = postSolution
		SolutionGuid = {CFF0B385-1B64-4F1F-8EA4-2A1E8D2A005E}
	EndGlobalSection
EndGlobal
